<Solution>
  <Project Path="SchoolManagement.API/SchoolManagement.API.csproj" />
  <Project Path="SchoolManagement.Application/SchoolManagement.Application.csproj" />
  <Project Path="SchoolManagement.Domain/SchoolManagement.Domain.csproj" />
  <Project Path="SchoolManagement.Infrastructure/SchoolManagement.Infrastructure.csproj" />
  <Project Path="SchoolManagement.Tests/SchoolManagement.Tests.csproj" Id="324d39e5-6fc3-48d8-abd4-a3e0911792b0" />
</Solution>
